// !$*UTF8*$!
{
	archiveVersion = 1;
	classes = {
	};
	objectVersion = 56;
	objects = {

/* Begin PBXBuildFile section */
		0227070529C83B3D00D51D8E /* main.cpp in Sources */ = {isa = PBXBuildFile; fileRef = 0227070429C83B3D00D51D8E /* main.cpp */; };
		0227070D29C84AB900D51D8E /* OpenGL.framework in Frameworks */ = {isa = PBXBuildFile; fileRef = 0227070C29C84AB900D51D8E /* OpenGL.framework */; };
		0227070F29C84AC900D51D8E /* CoreFoundation.framework in Frameworks */ = {isa = PBXBuildFile; fileRef = 0227070E29C84AC900D51D8E /* CoreFoundation.framework */; };
		0227071129C84B4100D51D8E /* libGLEW.2.2.0.dylib in Frameworks */ = {isa = PBXBuildFile; fileRef = 0227071029C84B4100D51D8E /* libGLEW.2.2.0.dylib */; };
		0227071329C84B6700D51D8E /* libglfw.3.3.dylib in Frameworks */ = {isa = PBXBuildFile; fileRef = 0227071229C84B6700D51D8E /* libglfw.3.3.dylib */; };
		0227071529C84B8000D51D8E /* libsoil2-debug.a in Frameworks */ = {isa = PBXBuildFile; fileRef = 0227071429C84B8000D51D8E /* libsoil2-debug.a */; };
/* End PBXBuildFile section */

/* Begin PBXCopyFilesBuildPhase section */
		022706FF29C83B3D00D51D8E /* CopyFiles */ = {
			isa = PBXCopyFilesBuildPhase;
			buildActionMask = 2147483647;
			dstPath = /usr/share/man/man1/;
			dstSubfolderSpec = 0;
			files = (
			);
			runOnlyForDeploymentPostprocessing = 1;
		};
/* End PBXCopyFilesBuildPhase section */

/* Begin PBXFileReference section */
		0227070129C83B3D00D51D8E /* DemoOpenGL */ = {isa = PBXFileReference; explicitFileType = "compiled.mach-o.executable"; includeInIndex = 0; path = DemoOpenGL; sourceTree = BUILT_PRODUCTS_DIR; };
		0227070429C83B3D00D51D8E /* main.cpp */ = {isa = PBXFileReference; lastKnownFileType = sourcecode.cpp.cpp; path = main.cpp; sourceTree = "<group>"; };
		0227070C29C84AB900D51D8E /* OpenGL.framework */ = {isa = PBXFileReference; lastKnownFileType = wrapper.framework; name = OpenGL.framework; path = System/Library/Frameworks/OpenGL.framework; sourceTree = SDKROOT; };
		0227070E29C84AC900D51D8E /* CoreFoundation.framework */ = {isa = PBXFileReference; lastKnownFileType = wrapper.framework; name = CoreFoundation.framework; path = System/Library/Frameworks/CoreFoundation.framework; sourceTree = SDKROOT; };
		0227071029C84B4100D51D8E /* libGLEW.2.2.0.dylib */ = {isa = PBXFileReference; lastKnownFileType = "compiled.mach-o.dylib"; name = libGLEW.2.2.0.dylib; path = ../../../../usr/local/Cellar/glew/2.2.0_1/lib/libGLEW.2.2.0.dylib; sourceTree = "<group>"; };
		0227071229C84B6700D51D8E /* libglfw.3.3.dylib */ = {isa = PBXFileReference; lastKnownFileType = "compiled.mach-o.dylib"; name = libglfw.3.3.dylib; path = ../../../../usr/local/Cellar/glfw/3.3.8/lib/libglfw.3.3.dylib; sourceTree = "<group>"; };
		0227071429C84B8000D51D8E /* libsoil2-debug.a */ = {isa = PBXFileReference; lastKnownFileType = archive.ar; name = "libsoil2-debug.a"; path = "../../open_gl_share/libsoil2-debug.a"; sourceTree = "<group>"; };
		0227071829C9544A00D51D8E /* vertShader.glsl */ = {isa = PBXFileReference; lastKnownFileType = text; path = vertShader.glsl; sourceTree = "<group>"; };
		0227071929C9547300D51D8E /* fragShader.glsl */ = {isa = PBXFileReference; lastKnownFileType = text; path = fragShader.glsl; sourceTree = "<group>"; };
/* End PBXFileReference section */

/* Begin PBXFrameworksBuildPhase section */
		022706FE29C83B3D00D51D8E /* Frameworks */ = {
			isa = PBXFrameworksBuildPhase;
			buildActionMask = 2147483647;
			files = (
				0227071529C84B8000D51D8E /* libsoil2-debug.a in Frameworks */,
				0227071329C84B6700D51D8E /* libglfw.3.3.dylib in Frameworks */,
				0227071129C84B4100D51D8E /* libGLEW.2.2.0.dylib in Frameworks */,
				0227070F29C84AC900D51D8E /* CoreFoundation.framework in Frameworks */,
				0227070D29C84AB900D51D8E /* OpenGL.framework in Frameworks */,
			);
			runOnlyForDeploymentPostprocessing = 0;
		};
/* End PBXFrameworksBuildPhase section */

/* Begin PBXGroup section */
		022706F829C83B3D00D51D8E = {
			isa = PBXGroup;
			children = (
				0227070329C83B3D00D51D8E /* DemoOpenGL */,
				0227070229C83B3D00D51D8E /* Products */,
				0227070B29C84AB900D51D8E /* Frameworks */,
			);
			sourceTree = "<group>";
		};
		0227070229C83B3D00D51D8E /* Products */ = {
			isa = PBXGroup;
			children = (
				0227070129C83B3D00D51D8E /* DemoOpenGL */,
			);
			name = Products;
			sourceTree = "<group>";
		};
		0227070329C83B3D00D51D8E /* DemoOpenGL */ = {
			isa = PBXGroup;
			children = (
				0227070429C83B3D00D51D8E /* main.cpp */,
				0227071929C9547300D51D8E /* fragShader.glsl */,
				0227071829C9544A00D51D8E /* vertShader.glsl */,
			);
			path = DemoOpenGL;
			sourceTree = "<group>";
		};
		0227070B29C84AB900D51D8E /* Frameworks */ = {
			isa = PBXGroup;
			children = (
				0227071429C84B8000D51D8E /* libsoil2-debug.a */,
				0227071229C84B6700D51D8E /* libglfw.3.3.dylib */,
				0227071029C84B4100D51D8E /* libGLEW.2.2.0.dylib */,
				0227070E29C84AC900D51D8E /* CoreFoundation.framework */,
				0227070C29C84AB900D51D8E /* OpenGL.framework */,
			);
			name = Frameworks;
			sourceTree = "<group>";
		};
/* End PBXGroup section */

/* Begin PBXNativeTarget section */
		0227070029C83B3D00D51D8E /* DemoOpenGL */ = {
			isa = PBXNativeTarget;
			buildConfigurationList = 0227070829C83B3D00D51D8E /* Build configuration list for PBXNativeTarget "DemoOpenGL" */;
			buildPhases = (
				022706FD29C83B3D00D51D8E /* Sources */,
				022706FE29C83B3D00D51D8E /* Frameworks */,
				022706FF29C83B3D00D51D8E /* CopyFiles */,
			);
			buildRules = (
			);
			dependencies = (
			);
			name = DemoOpenGL;
			productName = DemoOpenGL;
			productReference = 0227070129C83B3D00D51D8E /* DemoOpenGL */;
			productType = "com.apple.product-type.tool";
		};
/* End PBXNativeTarget section */

/* Begin PBXProject section */
		022706F929C83B3D00D51D8E /* Project object */ = {
			isa = PBXProject;
			attributes = {
				BuildIndependentTargetsInParallel = 1;
				LastUpgradeCheck = 1420;
				TargetAttributes = {
					0227070029C83B3D00D51D8E = {
						CreatedOnToolsVersion = 14.2;
					};
				};
			};
			buildConfigurationList = 022706FC29C83B3D00D51D8E /* Build configuration list for PBXProject "DemoOpenGL" */;
			compatibilityVersion = "Xcode 14.0";
			developmentRegion = en;
			hasScannedForEncodings = 0;
			knownRegions = (
				en,
				Base,
			);
			mainGroup = 022706F829C83B3D00D51D8E;
			productRefGroup = 0227070229C83B3D00D51D8E /* Products */;
			projectDirPath = "";
			projectRoot = "";
			targets = (
				0227070029C83B3D00D51D8E /* DemoOpenGL */,
			);
		};
/* End PBXProject section */

/* Begin PBXSourcesBuildPhase section */
		022706FD29C83B3D00D51D8E /* Sources */ = {
			isa = PBXSourcesBuildPhase;
			buildActionMask = 2147483647;
			files = (
				0227070529C83B3D00D51D8E /* main.cpp in Sources */,
			);
			runOnlyForDeploymentPostprocessing = 0;
		};
/* End PBXSourcesBuildPhase section */

/* Begin XCBuildConfiguration section */
		0227070629C83B3D00D51D8E /* Debug */ = {
			isa = XCBuildConfiguration;
			buildSettings = {
				ALWAYS_SEARCH_USER_PATHS = NO;
				CLANG_ANALYZER_NONNULL = YES;
				CLANG_ANALYZER_NUMBER_OBJECT_CONVERSION = YES_AGGRESSIVE;
				CLANG_CXX_LANGUAGE_STANDARD = "c++0x";
				CLANG_ENABLE_MODULES = YES;
				CLANG_ENABLE_OBJC_ARC = YES;
				CLANG_ENABLE_OBJC_WEAK = YES;
				CLANG_WARN_BLOCK_CAPTURE_AUTORELEASING = YES;
				CLANG_WARN_BOOL_CONVERSION = YES;
				CLANG_WARN_COMMA = YES;
				CLANG_WARN_CONSTANT_CONVERSION = YES;
				CLANG_WARN_DEPRECATED_OBJC_IMPLEMENTATIONS = YES;
				CLANG_WARN_DIRECT_OBJC_ISA_USAGE = YES_ERROR;
				CLANG_WARN_DOCUMENTATION_COMMENTS = YES;
				CLANG_WARN_EMPTY_BODY = YES;
				CLANG_WARN_ENUM_CONVERSION = YES;
				CLANG_WARN_INFINITE_RECURSION = YES;
				CLANG_WARN_INT_CONVERSION = YES;
				CLANG_WARN_NON_LITERAL_NULL_CONVERSION = YES;
				CLANG_WARN_OBJC_IMPLICIT_RETAIN_SELF = YES;
				CLANG_WARN_OBJC_LITERAL_CONVERSION = YES;
				CLANG_WARN_OBJC_ROOT_CLASS = YES_ERROR;
				CLANG_WARN_QUOTED_INCLUDE_IN_FRAMEWORK_HEADER = YES;
				CLANG_WARN_RANGE_LOOP_ANALYSIS = YES;
				CLANG_WARN_STRICT_PROTOTYPES = YES;
				CLANG_WARN_SUSPICIOUS_MOVE = YES;
				CLANG_WARN_UNGUARDED_AVAILABILITY = YES_AGGRESSIVE;
				CLANG_WARN_UNREACHABLE_CODE = YES;
				CLANG_WARN__DUPLICATE_METHOD_MATCH = YES;
				COPY_PHASE_STRIP = NO;
				DEBUG_INFORMATION_FORMAT = dwarf;
				ENABLE_STRICT_OBJC_MSGSEND = YES;
				ENABLE_TESTABILITY = YES;
				GCC_C_LANGUAGE_STANDARD = gnu11;
				GCC_DYNAMIC_NO_PIC = NO;
				GCC_NO_COMMON_BLOCKS = YES;
				GCC_OPTIMIZATION_LEVEL = 0;
				GCC_PREPROCESSOR_DEFINITIONS = (
					"DEBUG=1",
					"$(inherited)",
				);
				GCC_WARN_64_TO_32_BIT_CONVERSION = YES;
				GCC_WARN_ABOUT_RETURN_TYPE = YES_ERROR;
				GCC_WARN_UNDECLARED_SELECTOR = YES;
				GCC_WARN_UNINITIALIZED_AUTOS = YES_AGGRESSIVE;
				GCC_WARN_UNUSED_FUNCTION = YES;
				GCC_WARN_UNUSED_VARIABLE = YES;
				MACOSX_DEPLOYMENT_TARGET = 13.1;
				MTL_ENABLE_DEBUG_INFO = INCLUDE_SOURCE;
				MTL_FAST_MATH = YES;
				ONLY_ACTIVE_ARCH = YES;
				SDKROOT = macosx;
			};
			name = Debug;
		};
		0227070729C83B3D00D51D8E /* Release */ = {
			isa = XCBuildConfiguration;
			buildSettings = {
				ALWAYS_SEARCH_USER_PATHS = NO;
				CLANG_ANALYZER_NONNULL = YES;
				CLANG_ANALYZER_NUMBER_OBJECT_CONVERSION = YES_AGGRESSIVE;
				CLANG_CXX_LANGUAGE_STANDARD = "c++0x";
				CLANG_ENABLE_MODULES = YES;
				CLANG_ENABLE_OBJC_ARC = YES;
				CLANG_ENABLE_OBJC_WEAK = YES;
				CLANG_WARN_BLOCK_CAPTURE_AUTORELEASING = YES;
				CLANG_WARN_BOOL_CONVERSION = YES;
				CLANG_WARN_COMMA = YES;
				CLANG_WARN_CONSTANT_CONVERSION = YES;
				CLANG_WARN_DEPRECATED_OBJC_IMPLEMENTATIONS = YES;
				CLANG_WARN_DIRECT_OBJC_ISA_USAGE = YES_ERROR;
				CLANG_WARN_DOCUMENTATION_COMMENTS = YES;
				CLANG_WARN_EMPTY_BODY = YES;
				CLANG_WARN_ENUM_CONVERSION = YES;
				CLANG_WARN_INFINITE_RECURSION = YES;
				CLANG_WARN_INT_CONVERSION = YES;
				CLANG_WARN_NON_LITERAL_NULL_CONVERSION = YES;
				CLANG_WARN_OBJC_IMPLICIT_RETAIN_SELF = YES;
				CLANG_WARN_OBJC_LITERAL_CONVERSION = YES;
				CLANG_WARN_OBJC_ROOT_CLASS = YES_ERROR;
				CLANG_WARN_QUOTED_INCLUDE_IN_FRAMEWORK_HEADER = YES;
				CLANG_WARN_RANGE_LOOP_ANALYSIS = YES;
				CLANG_WARN_STRICT_PROTOTYPES = YES;
				CLANG_WARN_SUSPICIOUS_MOVE = YES;
				CLANG_WARN_UNGUARDED_AVAILABILITY = YES_AGGRESSIVE;
				CLANG_WARN_UNREACHABLE_CODE = YES;
				CLANG_WARN__DUPLICATE_METHOD_MATCH = YES;
				COPY_PHASE_STRIP = NO;
				DEBUG_INFORMATION_FORMAT = "dwarf-with-dsym";
				ENABLE_NS_ASSERTIONS = NO;
				ENABLE_STRICT_OBJC_MSGSEND = YES;
				GCC_C_LANGUAGE_STANDARD = gnu11;
				GCC_NO_COMMON_BLOCKS = YES;
				GCC_WARN_64_TO_32_BIT_CONVERSION = YES;
				GCC_WARN_ABOUT_RETURN_TYPE = YES_ERROR;
				GCC_WARN_UNDECLARED_SELECTOR = YES;
				GCC_WARN_UNINITIALIZED_AUTOS = YES_AGGRESSIVE;
				GCC_WARN_UNUSED_FUNCTION = YES;
				GCC_WARN_UNUSED_VARIABLE = YES;
				MACOSX_DEPLOYMENT_TARGET = 13.1;
				MTL_ENABLE_DEBUG_INFO = NO;
				MTL_FAST_MATH = YES;
				SDKROOT = macosx;
			};
			name = Release;
		};
		0227070929C83B3D00D51D8E /* Debug */ = {
			isa = XCBuildConfiguration;
			buildSettings = {
				CODE_SIGN_STYLE = Automatic;
				HEADER_SEARCH_PATHS = /usr/local/include;
				LIBRARY_SEARCH_PATHS = (
					/Users/penglei/open_gl_share,
					/usr/local/Cellar/glew/2.2.0_1/lib,
					/usr/local/Cellar/glfw/3.3.8/lib,
				);
				PRODUCT_NAME = "$(TARGET_NAME)";
			};
			name = Debug;
		};
		0227070A29C83B3D00D51D8E /* Release */ = {
			isa = XCBuildConfiguration;
			buildSettings = {
				CODE_SIGN_STYLE = Automatic;
				LIBRARY_SEARCH_PATHS = (
					/Users/penglei/open_gl_share,
					/usr/local/Cellar/glew/2.2.0_1/lib,
					/usr/local/Cellar/glfw/3.3.8/lib,
				);
				PRODUCT_NAME = "$(TARGET_NAME)";
			};
			name = Release;
		};
/* End XCBuildConfiguration section */

/* Begin XCConfigurationList section */
		022706FC29C83B3D00D51D8E /* Build configuration list for PBXProject "DemoOpenGL" */ = {
			isa = XCConfigurationList;
			buildConfigurations = (
				0227070629C83B3D00D51D8E /* Debug */,
				0227070729C83B3D00D51D8E /* Release */,
			);
			defaultConfigurationIsVisible = 0;
			defaultConfigurationName = Release;
		};
		0227070829C83B3D00D51D8E /* Build configuration list for PBXNativeTarget "DemoOpenGL" */ = {
			isa = XCConfigurationList;
			buildConfigurations = (
				0227070929C83B3D00D51D8E /* Debug */,
				0227070A29C83B3D00D51D8E /* Release */,
			);
			defaultConfigurationIsVisible = 0;
			defaultConfigurationName = Release;
		};
/* End XCConfigurationList section */
	};
	rootObject = 022706F929C83B3D00D51D8E /* Project object */;
}
